
Microsoft Visual Studio Solution File, Format Version 12.00
# Visual Studio Version 17
VisualStudioVersion = 17.5.002.0
MinimumVisualStudioVersion = 10.0.40219.1
Project("{9A19103F-16F7-4668-BE54-9A1E7A4F7556}") = "getset1", "getset1.csproj", "{165F8B2A-7E35-4C66-B179-A88365DB4DB7}"
EndProject
Global
	GlobalSection(SolutionConfigurationPlatforms) = preSolution
		Debug|Any CPU = Debug|Any CPU
		Release|Any CPU = Release|Any CPU
	EndGlobalSection
	GlobalSection(ProjectConfigurationPlatforms) = postSolution
		{165F8B2A-7E35-4C66-B179-A88365DB4DB7}.Debug|Any CPU.ActiveCfg = Debug|Any CPU
		{165F8B2A-7E35-4C66-B179-A88365DB4DB7}.Debug|Any CPU.Build.0 = Debug|Any CPU
		{165F8B2A-7E35-4C66-B179-A88365DB4DB7}.Release|Any CPU.ActiveCfg = Release|Any CPU
		{165F8B2A-7E35-4C66-B179-A88365DB4DB7}.Release|Any CPU.Build.0 = Release|Any CPU
	EndGlobalSection
	GlobalSection(SolutionProperties) = preSolution
		HideSolutionNode = FALSE
	EndGlobalSection
	GlobalSection(ExtensibilityGlobals) = postSolution
		SolutionGuid = {CFCEA0E1-4C64-433C-AB55-B340EE1F5182}
	EndGlobalSection
EndGlobal
